{
  "name": "react-portfolio",
  "version": "1.0.0",
  "description": "",
  "homepage": "https://github.com/YanLieb/react-portfolio#readme",
  "bugs": {
    "url": "https://github.com/YanLieb/react-portfolio/issues"
  },
  "repository": {
    "type": "git",
    "url": "git+https://github.com/YanLieb/react-portfolio.git"
  },
  "license": "ISC",
  "author": "",
  "type": "commonjs",
  "main": "index.js",
  "scripts": {
    "test": "echo \"Error: no test specified\" && exit 1",
    "dev:front": "cd front && npm run dev",
    "dev:back": "cd back && npm run dev"
  },
  "config": {
    "commitizen": {
      "path": "./node_modules/cz-conventional-changelog"
    }
  },
  "dependencies": {
    "commitizen": "^4.3.1"
  },
  "devDependencies": {
    "cz-conventional-changelog": "^3.0.1"
  }
}